
Microsoft Visual Studio Solution File, Format Version 12.00
# Visual Studio 15
VisualStudioVersion = 15.0.28307.572
MinimumVisualStudioVersion = 10.0.40219.1
Project("{FAE04EC0-301F-11D3-BF4B-00C04F79EFBC}") = "Sustainsys.Saml2.StubIdp", "Sustainsys.Saml2.StubIdp.csproj", "{7B60747D-6337-4424-ACB5-7D580EC1E1A1}"
EndProject
Global
	GlobalSection(SolutionConfigurationPlatforms) = preSolution
		Debug|Any CPU = Debug|Any CPU
		Release|Any CPU = Release|Any CPU
	EndGlobalSection
	GlobalSection(ProjectConfigurationPlatforms) = postSolution
		{7B60747D-6337-4424-ACB5-7D580EC1E1A1}.Debug|Any CPU.ActiveCfg = Debug|Any CPU
		{7B60747D-6337-4424-ACB5-7D580EC1E1A1}.Debug|Any CPU.Build.0 = Debug|Any CPU
		{7B60747D-6337-4424-ACB5-7D580EC1E1A1}.Release|Any CPU.ActiveCfg = Release|Any CPU
		{7B60747D-6337-4424-ACB5-7D580EC1E1A1}.Release|Any CPU.Build.0 = Release|Any CPU
	EndGlobalSection
	GlobalSection(SolutionProperties) = preSolution
		HideSolutionNode = FALSE
	EndGlobalSection
	GlobalSection(ExtensibilityGlobals) = postSolution
		SolutionGuid = {34F8A340-3014-46BA-BC4C-084B619453DF}
	EndGlobalSection
EndGlobal
